<?xml version="1.0" encoding="utf-8"?>
<Project ToolsVersion="4.0" xmlns="http://schemas.microsoft.com/developer/msbuild/2003">
  <ItemGroup>
    <Filter Include="Source Files">
      <UniqueIdentifier>{4FC737F1-C7A5-4376-A066-2A32D752A2FF}</UniqueIdentifier>
      <Extensions>cpp;c;cc;cxx;c++;cppm;ixx;def;odl;idl;hpj;bat;asm;asmx</Extensions>
    </Filter>
    <Filter Include="Header Files">
      <UniqueIdentifier>{93995380-89BD-4b04-88EB-625FBE52EBFB}</UniqueIdentifier>
      <Extensions>h;hh;hpp;hxx;h++;hm;inl;inc;ipp;xsd</Extensions>
    </Filter>
  </ItemGroup>
  <ItemGroup>
    <ClCompile Include="Main.cpp">
      <Filter>Source Files</Filter>
    </ClCompile>
    <ClCompile Include="PointCase.cpp">
      <Filter>Source Files</Filter>
    </ClCompile>
    <ClCompile Include="PointItems.cpp">
      <Filter>Source Files</Filter>
    </ClCompile>
    <ClCompile Include="CleanVector.h">
      <Filter>Header Files</Filter>
    </ClCompile>
    <ClCompile Include="MovPrefix.cpp">
      <Filter>Source Files</Filter>
    </ClCompile>
  </ItemGroup>
  <ItemGroup>
    <ClInclude Include="TemplateMatching.h">
      <Filter>Header Files</Filter>
    </ClInclude>
    <ClInclude Include="DistributorForMatching.h">
      <Filter>Header Files</Filter>
    </ClInclude>
    <ClInclude Include="InputMK.h">
      <Filter>Header Files</Filter>
    </ClInclude>
    <ClInclude Include="getMat.h">
      <Filter>Header Files</Filter>
    </ClInclude>
    <ClInclude Include="StartUp.h">
      <Filter>Header Files</Filter>
    </ClInclude>
    <ClInclude Include="CaseProcessing.h">
      <Filter>Header Files</Filter>
    </ClInclude>
    <ClInclude Include="PointCase.h">
      <Filter>Header Files</Filter>
    </ClInclude>
    <ClInclude Include="PointGlobalVector.h">
      <Filter>Header Files</Filter>
    </ClInclude>
    <ClInclude Include="PointItems.h">
      <Filter>Header Files</Filter>
    </ClInclude>
    <ClInclude Include="ItemsProcessing.h">
      <Filter>Header Files</Filter>
    </ClInclude>
    <ClInclude Include="ItemMoving.h">
      <Filter>Header Files</Filter>
    </ClInclude>
    <ClInclude Include="MovPrefix.h">
      <Filter>Header Files</Filter>
    </ClInclude>
    <ClInclude Include="InitializeMovPrefix.h">
      <Filter>Header Files</Filter>
    </ClInclude>
    <ClInclude Include="MovPrefixGlobalVector.h">
      <Filter>Header Files</Filter>
    </ClInclude>
    <ClInclude Include="ItemVectorHEXtoText.h">
      <Filter>Header Files</Filter>
    </ClInclude>
  </ItemGroup>
  <ItemGroup>
    <None Include="packages.config" />
  </ItemGroup>
</Project>