<?xml version="1.0" encoding="utf-8"?>
<Project ToolsVersion="4.0" xmlns="http://schemas.microsoft.com/developer/msbuild/2003">
  <ItemGroup>
    <Filter Include="Source Files">
      <UniqueIdentifier>{4FC737F1-C7A5-4376-A066-2A32D752A2FF}</UniqueIdentifier>
      <Extensions>cpp;c;cc;cxx;c++;cppm;ixx;def;odl;idl;hpj;bat;asm;asmx</Extensions>
    </Filter>
    <Filter Include="Header Files">
      <UniqueIdentifier>{93995380-89BD-4b04-88EB-625FBE52EBFB}</UniqueIdentifier>
      <Extensions>h;hh;hpp;hxx;h++;hm;inl;inc;ipp;xsd</Extensions>
    </Filter>
    <Filter Include="Header Files\TemplateMatching">
      <UniqueIdentifier>{aa9c30bd-30ca-4c35-b6d0-c13075494018}</UniqueIdentifier>
    </Filter>
    <Filter Include="Header Files\MK">
      <UniqueIdentifier>{dd5a0f69-3978-44c3-8a2e-7f35f86cf21c}</UniqueIdentifier>
    </Filter>
    <Filter Include="Source Files\TemplateMatching">
      <UniqueIdentifier>{8c66227b-ed59-41eb-bab5-7e51f85b81d1}</UniqueIdentifier>
    </Filter>
    <Filter Include="Source Files\MK">
      <UniqueIdentifier>{960cfbab-7a76-4ef7-aa6d-c35012ee803c}</UniqueIdentifier>
    </Filter>
    <Filter Include="Header Files\SortBot">
      <UniqueIdentifier>{7266aa03-4cfa-4181-971d-bf5159c39c82}</UniqueIdentifier>
    </Filter>
    <Filter Include="Source Files\SortBot">
      <UniqueIdentifier>{5aa9cec0-ed1e-458f-9df4-852b499c4531}</UniqueIdentifier>
    </Filter>
    <Filter Include="Header Files\SortBot\Prefix">
      <UniqueIdentifier>{2de43d41-07be-4f1b-9e49-a615a69831ba}</UniqueIdentifier>
    </Filter>
    <Filter Include="Header Files\SortBot\Processing-Moving">
      <UniqueIdentifier>{79acc70a-dd3b-4c1f-9b7b-6e7f372a8c01}</UniqueIdentifier>
    </Filter>
    <Filter Include="Source Files\SortBot\Prefix">
      <UniqueIdentifier>{6e208fe6-f18d-4f2e-aba2-7478fb0fd515}</UniqueIdentifier>
    </Filter>
    <Filter Include="Source Files\SortBot\Processing-Moving">
      <UniqueIdentifier>{b7e6393d-660e-40ce-9fe3-dbc036bac6dd}</UniqueIdentifier>
    </Filter>
    <Filter Include="Header Files\SortBot\TypeClass">
      <UniqueIdentifier>{f7997e34-0a6c-495e-819c-abe1b900db2a}</UniqueIdentifier>
    </Filter>
    <Filter Include="Source Files\SortBot\TypeClass">
      <UniqueIdentifier>{d1d77d49-c81f-4838-a341-856aa9109163}</UniqueIdentifier>
    </Filter>
    <Filter Include="Header Files\Console">
      <UniqueIdentifier>{1c8027ac-4746-4d6a-a1bb-28caafb2d7db}</UniqueIdentifier>
    </Filter>
  </ItemGroup>
  <ItemGroup>
    <ClCompile Include="Main.cpp">
      <Filter>Source Files</Filter>
    </ClCompile>
    <ClCompile Include="PointItems.cpp">
      <Filter>Source Files\SortBot\TypeClass</Filter>
    </ClCompile>
    <ClCompile Include="PointCase.cpp">
      <Filter>Source Files\SortBot\TypeClass</Filter>
    </ClCompile>
    <ClCompile Include="MovPrefix.cpp">
      <Filter>Source Files\SortBot\TypeClass</Filter>
    </ClCompile>
    <ClCompile Include="CaseProcessing.cpp">
      <Filter>Source Files\SortBot\Processing-Moving</Filter>
    </ClCompile>
    <ClCompile Include="ItemMoving.cpp">
      <Filter>Source Files\SortBot\Processing-Moving</Filter>
    </ClCompile>
    <ClCompile Include="ItemsProcessing.cpp">
      <Filter>Source Files\SortBot\Processing-Moving</Filter>
    </ClCompile>
    <ClCompile Include="DistributorForMatching.cpp">
      <Filter>Source Files\TemplateMatching</Filter>
    </ClCompile>
    <ClCompile Include="getMat.cpp">
      <Filter>Source Files\TemplateMatching</Filter>
    </ClCompile>
    <ClCompile Include="TemplateMatching.cpp">
      <Filter>Source Files\TemplateMatching</Filter>
    </ClCompile>
    <ClCompile Include="PrefixProcessing.cpp">
      <Filter>Source Files\SortBot\Prefix</Filter>
    </ClCompile>
    <ClCompile Include="Checks.cpp">
      <Filter>Source Files</Filter>
    </ClCompile>
    <ClCompile Include="InputMK.cpp">
      <Filter>Source Files\MK</Filter>
    </ClCompile>
    <ClCompile Include="SortStartUp.cpp">
      <Filter>Source Files\SortBot</Filter>
    </ClCompile>
    <ClCompile Include="ProgrammScheduler.cpp">
      <Filter>Source Files\SortBot</Filter>
    </ClCompile>
    <ClCompile Include="InitializeMovPrefix.cpp">
      <Filter>Source Files\SortBot\Prefix</Filter>
    </ClCompile>
    <ClCompile Include="ReadConfigFile.cpp">
      <Filter>Source Files\SortBot\Prefix</Filter>
    </ClCompile>
  </ItemGroup>
  <ItemGroup>
    <ClInclude Include="Checks.h">
      <Filter>Header Files</Filter>
    </ClInclude>
    <ClInclude Include="PointItems.h">
      <Filter>Header Files\SortBot\TypeClass</Filter>
    </ClInclude>
    <ClInclude Include="PointCase.h">
      <Filter>Header Files\SortBot\TypeClass</Filter>
    </ClInclude>
    <ClInclude Include="MovPrefix.h">
      <Filter>Header Files\SortBot\TypeClass</Filter>
    </ClInclude>
    <ClInclude Include="InitializeMovPrefix.h">
      <Filter>Header Files\SortBot\Prefix</Filter>
    </ClInclude>
    <ClInclude Include="PrefixProcessing.h">
      <Filter>Header Files\SortBot\Prefix</Filter>
    </ClInclude>
    <ClInclude Include="TemplateMatching.h">
      <Filter>Header Files\TemplateMatching</Filter>
    </ClInclude>
    <ClInclude Include="DistributorForMatching.h">
      <Filter>Header Files\TemplateMatching</Filter>
    </ClInclude>
    <ClInclude Include="getMat.h">
      <Filter>Header Files\TemplateMatching</Filter>
    </ClInclude>
    <ClInclude Include="InputMK.h">
      <Filter>Header Files\MK</Filter>
    </ClInclude>
    <ClInclude Include="ItemsProcessing.h">
      <Filter>Header Files\SortBot\Processing-Moving</Filter>
    </ClInclude>
    <ClInclude Include="ItemMoving.h">
      <Filter>Header Files\SortBot\Processing-Moving</Filter>
    </ClInclude>
    <ClInclude Include="CaseProcessing.h">
      <Filter>Header Files\SortBot\Processing-Moving</Filter>
    </ClInclude>
    <ClInclude Include="Includes.h">
      <Filter>Header Files</Filter>
    </ClInclude>
    <ClInclude Include="SortStartUp.h">
      <Filter>Header Files\SortBot</Filter>
    </ClInclude>
    <ClInclude Include="ProgrammScheduler.h">
      <Filter>Header Files\SortBot</Filter>
    </ClInclude>
    <ClInclude Include="c_log.h">
      <Filter>Header Files\Console</Filter>
    </ClInclude>
    <ClInclude Include="ReadConfigFile.h">
      <Filter>Header Files\SortBot\Prefix</Filter>
    </ClInclude>
    <ClInclude Include="resource.h">
      <Filter>Header Files</Filter>
    </ClInclude>
  </ItemGroup>
  <ItemGroup>
    <None Include="packages.config" />
    <None Include="ClassDiagram.cd" />
  </ItemGroup>
  <ItemGroup>
    <ResourceCompile Include="Sort-Bot.rc" />
  </ItemGroup>
</Project>