<?xml version="1.0" encoding="utf-8"?>
<Project ToolsVersion="4.0" xmlns="http://schemas.microsoft.com/developer/msbuild/2003">
  <ItemGroup>
    <Filter Include="Source Files">
      <UniqueIdentifier>{4FC737F1-C7A5-4376-A066-2A32D752A2FF}</UniqueIdentifier>
      <Extensions>cpp;c;cc;cxx;c++;cppm;ixx;def;odl;idl;hpj;bat;asm;asmx</Extensions>
    </Filter>
    <Filter Include="Header Files">
      <UniqueIdentifier>{93995380-89BD-4b04-88EB-625FBE52EBFB}</UniqueIdentifier>
      <Extensions>h;hh;hpp;hxx;h++;hm;inl;inc;ipp;xsd</Extensions>
    </Filter>
    <Filter Include="Header Files\Console">
      <UniqueIdentifier>{c758af32-a91d-41ee-90bb-379a5de442ca}</UniqueIdentifier>
    </Filter>
    <Filter Include="Source Files\MK">
      <UniqueIdentifier>{5074e1e4-0524-428d-a95c-3ded23b3cfdf}</UniqueIdentifier>
    </Filter>
    <Filter Include="Header Files\MK">
      <UniqueIdentifier>{81a97163-ba5a-4912-bf22-16bf9bc2f834}</UniqueIdentifier>
    </Filter>
    <Filter Include="Header Files\GameBot">
      <UniqueIdentifier>{9ddedfd1-2979-402f-b279-3cb732975834}</UniqueIdentifier>
    </Filter>
    <Filter Include="Source Files\GameBot">
      <UniqueIdentifier>{72a8db5f-40dc-494a-8d1c-f685acef3f2d}</UniqueIdentifier>
    </Filter>
    <Filter Include="Source Files\GameBot\InGameFunktions">
      <UniqueIdentifier>{9541c22f-539f-4abb-b278-cf57e46a5b98}</UniqueIdentifier>
    </Filter>
    <Filter Include="Header Files\GameBot\InGameFunktions">
      <UniqueIdentifier>{8d4ae1eb-01ef-4e0d-ae90-0cd44f3a18f9}</UniqueIdentifier>
    </Filter>
    <Filter Include="Header Files\GameBot\Lobby-Overall">
      <UniqueIdentifier>{e23c6e36-0ad6-45c0-8f65-a7154e100d46}</UniqueIdentifier>
    </Filter>
    <Filter Include="Source Files\GameBot\Lobby-Overall">
      <UniqueIdentifier>{0ed23337-6a75-4824-a48f-4ad3fdb6bef0}</UniqueIdentifier>
    </Filter>
    <Filter Include="Header Files\TemplateMatching">
      <UniqueIdentifier>{a160a143-2761-4df6-8eb4-ffb3a498196b}</UniqueIdentifier>
    </Filter>
    <Filter Include="Source Files\TemplateMatching">
      <UniqueIdentifier>{5727f884-3a4d-4627-8089-e78a380e2c6e}</UniqueIdentifier>
    </Filter>
    <Filter Include="Header Files\GameBot\TypeClass">
      <UniqueIdentifier>{aa29efb1-e2b5-48fb-83e7-0f39f46e794f}</UniqueIdentifier>
    </Filter>
    <Filter Include="Source Files\GameBot\TypeClass">
      <UniqueIdentifier>{d0a8ab8d-d795-4426-bcd2-9f730dba6e7d}</UniqueIdentifier>
    </Filter>
    <Filter Include="Header Files\GameBot\Lobby-Overall\Matching-Moving">
      <UniqueIdentifier>{42485660-8185-41c0-a199-e371427d56f6}</UniqueIdentifier>
    </Filter>
    <Filter Include="Source Files\GameBot\Lobby-Overall\Matching-Moving">
      <UniqueIdentifier>{e05a5ce5-743d-44fc-bbc0-92dec4319070}</UniqueIdentifier>
    </Filter>
    <Filter Include="Source Files\GameBot\Lobby-Overall\Matching-Moving\Prefix">
      <UniqueIdentifier>{291f8994-19f1-4014-920a-3b2818be001b}</UniqueIdentifier>
    </Filter>
    <Filter Include="Header Files\GameBot\Lobby-Overall\Matching-Moving\Prefix">
      <UniqueIdentifier>{7a8f99aa-a090-4a09-ae22-bfacd54043ec}</UniqueIdentifier>
    </Filter>
    <Filter Include="Header Files\GameBot\Lobby-Overall\Matching-Moving\Processing">
      <UniqueIdentifier>{839e4aea-78e3-4529-9a1c-a558dec0604c}</UniqueIdentifier>
    </Filter>
    <Filter Include="Source Files\GameBot\Lobby-Overall\Matching-Moving\Processing">
      <UniqueIdentifier>{55f0f60d-fb0a-4f67-a8e8-8d76bb721949}</UniqueIdentifier>
    </Filter>
    <Filter Include="Header Files\GameBot\Lobby-Overall\Queue-PrepareGame">
      <UniqueIdentifier>{94b79aee-d16e-41e9-9f8b-d6d950abd363}</UniqueIdentifier>
    </Filter>
    <Filter Include="Source Files\GameBot\Lobby-Overall\Queue-PrepareGame">
      <UniqueIdentifier>{9a4cb876-89de-460f-af2f-2688874a20fc}</UniqueIdentifier>
    </Filter>
    <Filter Include="Header Files\MK\HumanizedMouse">
      <UniqueIdentifier>{fc765d1e-57d3-4ba1-b073-3cb7b436a7e8}</UniqueIdentifier>
    </Filter>
    <Filter Include="Source Files\MK\HumanizedMouse">
      <UniqueIdentifier>{0a8a25d4-de37-4a3a-ad45-81a90e97a330}</UniqueIdentifier>
    </Filter>
  </ItemGroup>
  <ItemGroup>
    <ClCompile Include="Main.cpp">
      <Filter>Source Files</Filter>
    </ClCompile>
    <ClCompile Include="ProgrammScheduler.cpp">
      <Filter>Source Files\GameBot</Filter>
    </ClCompile>
    <ClCompile Include="Walk.cpp">
      <Filter>Source Files\GameBot\InGameFunktions</Filter>
    </ClCompile>
    <ClCompile Include="Health.cpp">
      <Filter>Source Files\GameBot\InGameFunktions</Filter>
    </ClCompile>
    <ClCompile Include="LobbyControler.cpp">
      <Filter>Source Files\GameBot\Lobby-Overall</Filter>
    </ClCompile>
    <ClCompile Include="getMat.cpp">
      <Filter>Source Files\TemplateMatching</Filter>
    </ClCompile>
    <ClCompile Include="TemplateMatching.cpp">
      <Filter>Source Files\TemplateMatching</Filter>
    </ClCompile>
    <ClCompile Include="DistributorForMatching.cpp">
      <Filter>Source Files\TemplateMatching</Filter>
    </ClCompile>
    <ClCompile Include="GameControler.cpp">
      <Filter>Source Files\GameBot\InGameFunktions</Filter>
    </ClCompile>
    <ClCompile Include="Utility.cpp">
      <Filter>Source Files</Filter>
    </ClCompile>
    <ClCompile Include="PointCase.cpp">
      <Filter>Source Files\GameBot\TypeClass</Filter>
    </ClCompile>
    <ClCompile Include="InputMK.cpp">
      <Filter>Source Files\MK</Filter>
    </ClCompile>
    <ClCompile Include="PointItems.cpp">
      <Filter>Source Files\GameBot\TypeClass</Filter>
    </ClCompile>
    <ClCompile Include="ItemMoving.cpp">
      <Filter>Source Files\GameBot\Lobby-Overall\Matching-Moving</Filter>
    </ClCompile>
    <ClCompile Include="MovPrefix.cpp">
      <Filter>Source Files\GameBot\TypeClass</Filter>
    </ClCompile>
    <ClCompile Include="ReadConfigFile.cpp">
      <Filter>Source Files\GameBot\Lobby-Overall\Matching-Moving\Prefix</Filter>
    </ClCompile>
    <ClCompile Include="PrefixProcessing.cpp">
      <Filter>Source Files\GameBot\Lobby-Overall\Matching-Moving\Prefix</Filter>
    </ClCompile>
    <ClCompile Include="CaseProcessing.cpp">
      <Filter>Source Files\GameBot\Lobby-Overall\Matching-Moving\Processing</Filter>
    </ClCompile>
    <ClCompile Include="ItemProcessing.cpp">
      <Filter>Source Files\GameBot\Lobby-Overall\Matching-Moving\Processing</Filter>
    </ClCompile>
    <ClCompile Include="PouchProcessing.cpp">
      <Filter>Source Files\GameBot\Lobby-Overall\Matching-Moving\Processing</Filter>
    </ClCompile>
    <ClCompile Include="BuyItemsFlea.cpp">
      <Filter>Source Files\GameBot\Lobby-Overall\Matching-Moving</Filter>
    </ClCompile>
    <ClCompile Include="StashObject.cpp">
      <Filter>Source Files\GameBot\TypeClass</Filter>
    </ClCompile>
    <ClCompile Include="OueueProcessing.cpp">
      <Filter>Source Files\GameBot\Lobby-Overall\Queue-PrepareGame</Filter>
    </ClCompile>
    <ClCompile Include="RealisticMouse.cpp">
      <Filter>Source Files\MK\HumanizedMouse</Filter>
    </ClCompile>
  </ItemGroup>
  <ItemGroup>
    <ClInclude Include="ProgrammScheduler.h">
      <Filter>Header Files\GameBot</Filter>
    </ClInclude>
    <ClInclude Include="Health.h">
      <Filter>Header Files\GameBot\InGameFunktions</Filter>
    </ClInclude>
    <ClInclude Include="Walk.h">
      <Filter>Header Files\GameBot\InGameFunktions</Filter>
    </ClInclude>
    <ClInclude Include="LobbyControler.h">
      <Filter>Header Files\GameBot\Lobby-Overall</Filter>
    </ClInclude>
    <ClInclude Include="DistributorForMatching.h">
      <Filter>Header Files\TemplateMatching</Filter>
    </ClInclude>
    <ClInclude Include="getMat.h">
      <Filter>Header Files\TemplateMatching</Filter>
    </ClInclude>
    <ClInclude Include="TemplateMatching.h">
      <Filter>Header Files\TemplateMatching</Filter>
    </ClInclude>
    <ClInclude Include="GameControler.h">
      <Filter>Header Files\GameBot\InGameFunktions</Filter>
    </ClInclude>
    <ClInclude Include="Utility.h">
      <Filter>Header Files</Filter>
    </ClInclude>
    <ClInclude Include="PointCase.h">
      <Filter>Header Files\GameBot\TypeClass</Filter>
    </ClInclude>
    <ClInclude Include="c_log.h">
      <Filter>Header Files\Console</Filter>
    </ClInclude>
    <ClInclude Include="InputMK.h">
      <Filter>Header Files\MK</Filter>
    </ClInclude>
    <ClInclude Include="Includes.h">
      <Filter>Header Files</Filter>
    </ClInclude>
    <ClInclude Include="PointItems.h">
      <Filter>Header Files\GameBot\TypeClass</Filter>
    </ClInclude>
    <ClInclude Include="ItemMoving.h">
      <Filter>Header Files\GameBot\Lobby-Overall\Matching-Moving</Filter>
    </ClInclude>
    <ClInclude Include="MovPrefix.h">
      <Filter>Header Files\GameBot\TypeClass</Filter>
    </ClInclude>
    <ClInclude Include="ReadConfigFile.h">
      <Filter>Header Files\GameBot\Lobby-Overall\Matching-Moving\Prefix</Filter>
    </ClInclude>
    <ClInclude Include="PrefixProcessing.h">
      <Filter>Header Files\GameBot\Lobby-Overall\Matching-Moving\Prefix</Filter>
    </ClInclude>
    <ClInclude Include="PouchProcessing.h">
      <Filter>Header Files\GameBot\Lobby-Overall\Matching-Moving\Processing</Filter>
    </ClInclude>
    <ClInclude Include="ItemProcessing.h">
      <Filter>Header Files\GameBot\Lobby-Overall\Matching-Moving\Processing</Filter>
    </ClInclude>
    <ClInclude Include="CaseProcessing.h">
      <Filter>Header Files\GameBot\Lobby-Overall\Matching-Moving\Processing</Filter>
    </ClInclude>
    <ClInclude Include="BuyItemsFlea.h">
      <Filter>Header Files\GameBot\Lobby-Overall\Matching-Moving</Filter>
    </ClInclude>
    <ClInclude Include="ItemVectors.h">
      <Filter>Header Files</Filter>
    </ClInclude>
    <ClInclude Include="StashObject.h">
      <Filter>Header Files\GameBot\TypeClass</Filter>
    </ClInclude>
    <ClInclude Include="OueueProcessing.h">
      <Filter>Header Files\GameBot\Lobby-Overall\Queue-PrepareGame</Filter>
    </ClInclude>
    <ClInclude Include="human_mouse.h">
      <Filter>Header Files\MK\HumanizedMouse</Filter>
    </ClInclude>
    <ClInclude Include="RealisticMouse.h">
      <Filter>Header Files\MK\HumanizedMouse</Filter>
    </ClInclude>
  </ItemGroup>
</Project>