<?xml version="1.0" encoding="utf-8"?>
<Project ToolsVersion="4.0" xmlns="http://schemas.microsoft.com/developer/msbuild/2003">
  <ItemGroup>
    <Filter Include="Source Files">
      <UniqueIdentifier>{4FC737F1-C7A5-4376-A066-2A32D752A2FF}</UniqueIdentifier>
      <Extensions>cpp;c;cc;cxx;c++;cppm;ixx;def;odl;idl;hpj;bat;asm;asmx</Extensions>
    </Filter>
    <Filter Include="Header Files">
      <UniqueIdentifier>{93995380-89BD-4b04-88EB-625FBE52EBFB}</UniqueIdentifier>
      <Extensions>h;hh;hpp;hxx;h++;hm;inl;inc;ipp;xsd</Extensions>
    </Filter>
    <Filter Include="Header Files\Console">
      <UniqueIdentifier>{c758af32-a91d-41ee-90bb-379a5de442ca}</UniqueIdentifier>
    </Filter>
    <Filter Include="Source Files\MK">
      <UniqueIdentifier>{5074e1e4-0524-428d-a95c-3ded23b3cfdf}</UniqueIdentifier>
    </Filter>
    <Filter Include="Header Files\MK">
      <UniqueIdentifier>{81a97163-ba5a-4912-bf22-16bf9bc2f834}</UniqueIdentifier>
    </Filter>
  </ItemGroup>
  <ItemGroup>
    <ClCompile Include="Game-Bot.cpp">
      <Filter>Source Files</Filter>
    </ClCompile>
    <ClCompile Include="..\Sort-Bot\InputMK.cpp">
      <Filter>Source Files\MK</Filter>
    </ClCompile>
  </ItemGroup>
  <ItemGroup>
    <ClInclude Include="..\Sort-Bot\c_log.h">
      <Filter>Header Files\Console</Filter>
    </ClInclude>
    <ClInclude Include="..\Sort-Bot\InputMK.h">
      <Filter>Header Files\MK</Filter>
    </ClInclude>
  </ItemGroup>
</Project>